
Microsoft Visual Studio Solution File, Format Version 12.00
# Visual Studio 15
VisualStudioVersion = 15.0.28010.2046
MinimumVisualStudioVersion = 10.0.40219.1
Project("{FAE04EC0-301F-11D3-BF4B-00C04F79EFBC}") = "Task7.1", "Task7.1\Task7.1.csproj", "{746A683E-F22A-405B-AE85-439D164A9F5B}"
EndProject
Project("{FAE04EC0-301F-11D3-BF4B-00C04F79EFBC}") = "Task7.2", "Task7.2\Task7.2.csproj", "{57ECC0D0-0864-4C77-A648-B1AEC51AA469}"
EndProject
Project("{FAE04EC0-301F-11D3-BF4B-00C04F79EFBC}") = "Task7.3", "Task7.3\Task7.3.csproj", "{FB881F75-0A04-45D7-A83F-79589E2324E0}"
EndProject
Project("{FAE04EC0-301F-11D3-BF4B-00C04F79EFBC}") = "Task7.4", "Task7.4\Task7.4.csproj", "{F55611D0-1038-4C12-A969-57B996EEDAD9}"
EndProject
Project("{FAE04EC0-301F-11D3-BF4B-00C04F79EFBC}") = "Task7.5", "Task7.5\Task7.5.csproj", "{2D38DB83-8075-4301-90E8-276BAB5F7D72}"
EndProject
Project("{FAE04EC0-301F-11D3-BF4B-00C04F79EFBC}") = "Task7.6", "Task7.6\Task7.6.csproj", "{08512CD1-DEB8-452F-A959-2D570770C916}"
EndProject
Project("{FAE04EC0-301F-11D3-BF4B-00C04F79EFBC}") = "Task7.7", "Task7.7\Task7.7.csproj", "{02BD0D02-A740-46FD-9886-8A4C70DDD674}"
EndProject
Project("{FAE04EC0-301F-11D3-BF4B-00C04F79EFBC}") = "Task7.8", "Task7.8\Task7.8.csproj", "{427CA43E-8A0A-4B46-BD39-72E36E73BE2D}"
EndProject
Project("{FAE04EC0-301F-11D3-BF4B-00C04F79EFBC}") = "Task7.9", "Task7.9\Task7.9.csproj", "{65F97C22-B644-4DCE-8F8D-3D06BAA9BDE2}"
EndProject
Project("{FAE04EC0-301F-11D3-BF4B-00C04F79EFBC}") = "Task7.10", "Task7.10\Task7.10.csproj", "{7A8C1EFD-8E0E-49DD-B759-E386A55103C2}"
EndProject
Project("{FAE04EC0-301F-11D3-BF4B-00C04F79EFBC}") = "Task7.11", "Task7.11\Task7.11.csproj", "{8699E276-E0C7-4452-8EB9-DA87146875EC}"
EndProject
Project("{FAE04EC0-301F-11D3-BF4B-00C04F79EFBC}") = "Task7.12.A", "Task7.12.A\Task7.12.A.csproj", "{73564898-B25A-41F8-90A7-06D124740613}"
EndProject
Project("{FAE04EC0-301F-11D3-BF4B-00C04F79EFBC}") = "Task7.12.B", "Task7.12.B\Task7.12.B.csproj", "{B5406177-6843-4371-947D-16FC7CAD539F}"
EndProject
Project("{FAE04EC0-301F-11D3-BF4B-00C04F79EFBC}") = "Task7.12.C", "Task7.12.C\Task7.12.C.csproj", "{1E0BA3D5-12B6-4895-BB83-C0C1D8D5EF18}"
EndProject
Project("{FAE04EC0-301F-11D3-BF4B-00C04F79EFBC}") = "Task7.12.D", "Task7.12.D\Task7.12.D.csproj", "{8B725952-56EF-430D-9222-06A21B757CFC}"
EndProject
Project("{FAE04EC0-301F-11D3-BF4B-00C04F79EFBC}") = "Task7.13", "Task7.13\Task7.13.csproj", "{0B3051A5-0073-4073-9F90-E7B83D20C348}"
EndProject
Project("{FAE04EC0-301F-11D3-BF4B-00C04F79EFBC}") = "Task7.17", "Task7.17\Task7.17.csproj", "{43A374BB-C82F-4A68-9937-3966C7DA9319}"
EndProject
Project("{FAE04EC0-301F-11D3-BF4B-00C04F79EFBC}") = "Task7.14", "Task7.14\Task7.14.csproj", "{D2D2885F-1349-4CC4-8DF0-1872886F2CF4}"
EndProject
Project("{FAE04EC0-301F-11D3-BF4B-00C04F79EFBC}") = "Task7.15", "Task7.15\Task7.15.csproj", "{A367C516-7930-4922-9554-CB1F7E16E2E9}"
EndProject
Project("{FAE04EC0-301F-11D3-BF4B-00C04F79EFBC}") = "Task7.16", "Task7.16\Task7.16.csproj", "{1CA46428-20E6-40A9-A482-A800931D425E}"
EndProject
Project("{FAE04EC0-301F-11D3-BF4B-00C04F79EFBC}") = "Task7.18", "Task7.18\Task7.18.csproj", "{9E7A1976-A1D8-49DA-B8B8-D2CF2C401729}"
EndProject
Project("{FAE04EC0-301F-11D3-BF4B-00C04F79EFBC}") = "Task7.19", "Task7.19\Task7.19.csproj", "{8355BB88-584E-4D92-BFDE-159189476975}"
EndProject
Project("{FAE04EC0-301F-11D3-BF4B-00C04F79EFBC}") = "Task7.20", "Task7.20\Task7.20.csproj", "{959FCADF-8451-4F78-ABAF-191DD8A9678B}"
EndProject
Project("{FAE04EC0-301F-11D3-BF4B-00C04F79EFBC}") = "Task7.21", "Task7.21\Task7.21.csproj", "{F89E0EFA-DA52-4521-A199-A01C897B80B4}"
EndProject
Project("{FAE04EC0-301F-11D3-BF4B-00C04F79EFBC}") = "Task7.22", "Task7.22\Task7.22.csproj", "{A3367944-66AC-4BD6-9C68-E456F6AE1B19}"
EndProject
Project("{FAE04EC0-301F-11D3-BF4B-00C04F79EFBC}") = "Task7.23", "Task7.23\Task7.23.csproj", "{FDF739FC-A2EA-4E49-B951-D14E7DCD1F6F}"
EndProject
Global
	GlobalSection(SolutionConfigurationPlatforms) = preSolution
		Debug|Any CPU = Debug|Any CPU
		Release|Any CPU = Release|Any CPU
	EndGlobalSection
	GlobalSection(ProjectConfigurationPlatforms) = postSolution
		{746A683E-F22A-405B-AE85-439D164A9F5B}.Debug|Any CPU.ActiveCfg = Debug|Any CPU
		{746A683E-F22A-405B-AE85-439D164A9F5B}.Debug|Any CPU.Build.0 = Debug|Any CPU
		{746A683E-F22A-405B-AE85-439D164A9F5B}.Release|Any CPU.ActiveCfg = Release|Any CPU
		{746A683E-F22A-405B-AE85-439D164A9F5B}.Release|Any CPU.Build.0 = Release|Any CPU
		{57ECC0D0-0864-4C77-A648-B1AEC51AA469}.Debug|Any CPU.ActiveCfg = Debug|Any CPU
		{57ECC0D0-0864-4C77-A648-B1AEC51AA469}.Debug|Any CPU.Build.0 = Debug|Any CPU
		{57ECC0D0-0864-4C77-A648-B1AEC51AA469}.Release|Any CPU.ActiveCfg = Release|Any CPU
		{57ECC0D0-0864-4C77-A648-B1AEC51AA469}.Release|Any CPU.Build.0 = Release|Any CPU
		{FB881F75-0A04-45D7-A83F-79589E2324E0}.Debug|Any CPU.ActiveCfg = Debug|Any CPU
		{FB881F75-0A04-45D7-A83F-79589E2324E0}.Debug|Any CPU.Build.0 = Debug|Any CPU
		{FB881F75-0A04-45D7-A83F-79589E2324E0}.Release|Any CPU.ActiveCfg = Release|Any CPU
		{FB881F75-0A04-45D7-A83F-79589E2324E0}.Release|Any CPU.Build.0 = Release|Any CPU
		{F55611D0-1038-4C12-A969-57B996EEDAD9}.Debug|Any CPU.ActiveCfg = Debug|Any CPU
		{F55611D0-1038-4C12-A969-57B996EEDAD9}.Debug|Any CPU.Build.0 = Debug|Any CPU
		{F55611D0-1038-4C12-A969-57B996EEDAD9}.Release|Any CPU.ActiveCfg = Release|Any CPU
		{F55611D0-1038-4C12-A969-57B996EEDAD9}.Release|Any CPU.Build.0 = Release|Any CPU
		{2D38DB83-8075-4301-90E8-276BAB5F7D72}.Debug|Any CPU.ActiveCfg = Debug|Any CPU
		{2D38DB83-8075-4301-90E8-276BAB5F7D72}.Debug|Any CPU.Build.0 = Debug|Any CPU
		{2D38DB83-8075-4301-90E8-276BAB5F7D72}.Release|Any CPU.ActiveCfg = Release|Any CPU
		{2D38DB83-8075-4301-90E8-276BAB5F7D72}.Release|Any CPU.Build.0 = Release|Any CPU
		{08512CD1-DEB8-452F-A959-2D570770C916}.Debug|Any CPU.ActiveCfg = Debug|Any CPU
		{08512CD1-DEB8-452F-A959-2D570770C916}.Debug|Any CPU.Build.0 = Debug|Any CPU
		{08512CD1-DEB8-452F-A959-2D570770C916}.Release|Any CPU.ActiveCfg = Release|Any CPU
		{08512CD1-DEB8-452F-A959-2D570770C916}.Release|Any CPU.Build.0 = Release|Any CPU
		{02BD0D02-A740-46FD-9886-8A4C70DDD674}.Debug|Any CPU.ActiveCfg = Debug|Any CPU
		{02BD0D02-A740-46FD-9886-8A4C70DDD674}.Debug|Any CPU.Build.0 = Debug|Any CPU
		{02BD0D02-A740-46FD-9886-8A4C70DDD674}.Release|Any CPU.ActiveCfg = Release|Any CPU
		{02BD0D02-A740-46FD-9886-8A4C70DDD674}.Release|Any CPU.Build.0 = Release|Any CPU
		{427CA43E-8A0A-4B46-BD39-72E36E73BE2D}.Debug|Any CPU.ActiveCfg = Debug|Any CPU
		{427CA43E-8A0A-4B46-BD39-72E36E73BE2D}.Debug|Any CPU.Build.0 = Debug|Any CPU
		{427CA43E-8A0A-4B46-BD39-72E36E73BE2D}.Release|Any CPU.ActiveCfg = Release|Any CPU
		{427CA43E-8A0A-4B46-BD39-72E36E73BE2D}.Release|Any CPU.Build.0 = Release|Any CPU
		{65F97C22-B644-4DCE-8F8D-3D06BAA9BDE2}.Debug|Any CPU.ActiveCfg = Debug|Any CPU
		{65F97C22-B644-4DCE-8F8D-3D06BAA9BDE2}.Debug|Any CPU.Build.0 = Debug|Any CPU
		{65F97C22-B644-4DCE-8F8D-3D06BAA9BDE2}.Release|Any CPU.ActiveCfg = Release|Any CPU
		{65F97C22-B644-4DCE-8F8D-3D06BAA9BDE2}.Release|Any CPU.Build.0 = Release|Any CPU
		{7A8C1EFD-8E0E-49DD-B759-E386A55103C2}.Debug|Any CPU.ActiveCfg = Debug|Any CPU
		{7A8C1EFD-8E0E-49DD-B759-E386A55103C2}.Debug|Any CPU.Build.0 = Debug|Any CPU
		{7A8C1EFD-8E0E-49DD-B759-E386A55103C2}.Release|Any CPU.ActiveCfg = Release|Any CPU
		{7A8C1EFD-8E0E-49DD-B759-E386A55103C2}.Release|Any CPU.Build.0 = Release|Any CPU
		{8699E276-E0C7-4452-8EB9-DA87146875EC}.Debug|Any CPU.ActiveCfg = Debug|Any CPU
		{8699E276-E0C7-4452-8EB9-DA87146875EC}.Debug|Any CPU.Build.0 = Debug|Any CPU
		{8699E276-E0C7-4452-8EB9-DA87146875EC}.Release|Any CPU.ActiveCfg = Release|Any CPU
		{8699E276-E0C7-4452-8EB9-DA87146875EC}.Release|Any CPU.Build.0 = Release|Any CPU
		{73564898-B25A-41F8-90A7-06D124740613}.Debug|Any CPU.ActiveCfg = Debug|Any CPU
		{73564898-B25A-41F8-90A7-06D124740613}.Debug|Any CPU.Build.0 = Debug|Any CPU
		{73564898-B25A-41F8-90A7-06D124740613}.Release|Any CPU.ActiveCfg = Release|Any CPU
		{73564898-B25A-41F8-90A7-06D124740613}.Release|Any CPU.Build.0 = Release|Any CPU
		{B5406177-6843-4371-947D-16FC7CAD539F}.Debug|Any CPU.ActiveCfg = Debug|Any CPU
		{B5406177-6843-4371-947D-16FC7CAD539F}.Debug|Any CPU.Build.0 = Debug|Any CPU
		{B5406177-6843-4371-947D-16FC7CAD539F}.Release|Any CPU.ActiveCfg = Release|Any CPU
		{B5406177-6843-4371-947D-16FC7CAD539F}.Release|Any CPU.Build.0 = Release|Any CPU
		{1E0BA3D5-12B6-4895-BB83-C0C1D8D5EF18}.Debug|Any CPU.ActiveCfg = Debug|Any CPU
		{1E0BA3D5-12B6-4895-BB83-C0C1D8D5EF18}.Debug|Any CPU.Build.0 = Debug|Any CPU
		{1E0BA3D5-12B6-4895-BB83-C0C1D8D5EF18}.Release|Any CPU.ActiveCfg = Release|Any CPU
		{1E0BA3D5-12B6-4895-BB83-C0C1D8D5EF18}.Release|Any CPU.Build.0 = Release|Any CPU
		{8B725952-56EF-430D-9222-06A21B757CFC}.Debug|Any CPU.ActiveCfg = Debug|Any CPU
		{8B725952-56EF-430D-9222-06A21B757CFC}.Debug|Any CPU.Build.0 = Debug|Any CPU
		{8B725952-56EF-430D-9222-06A21B757CFC}.Release|Any CPU.ActiveCfg = Release|Any CPU
		{8B725952-56EF-430D-9222-06A21B757CFC}.Release|Any CPU.Build.0 = Release|Any CPU
		{0B3051A5-0073-4073-9F90-E7B83D20C348}.Debug|Any CPU.ActiveCfg = Debug|Any CPU
		{0B3051A5-0073-4073-9F90-E7B83D20C348}.Debug|Any CPU.Build.0 = Debug|Any CPU
		{0B3051A5-0073-4073-9F90-E7B83D20C348}.Release|Any CPU.ActiveCfg = Release|Any CPU
		{0B3051A5-0073-4073-9F90-E7B83D20C348}.Release|Any CPU.Build.0 = Release|Any CPU
		{43A374BB-C82F-4A68-9937-3966C7DA9319}.Debug|Any CPU.ActiveCfg = Debug|Any CPU
		{43A374BB-C82F-4A68-9937-3966C7DA9319}.Debug|Any CPU.Build.0 = Debug|Any CPU
		{43A374BB-C82F-4A68-9937-3966C7DA9319}.Release|Any CPU.ActiveCfg = Release|Any CPU
		{43A374BB-C82F-4A68-9937-3966C7DA9319}.Release|Any CPU.Build.0 = Release|Any CPU
		{D2D2885F-1349-4CC4-8DF0-1872886F2CF4}.Debug|Any CPU.ActiveCfg = Debug|Any CPU
		{D2D2885F-1349-4CC4-8DF0-1872886F2CF4}.Debug|Any CPU.Build.0 = Debug|Any CPU
		{D2D2885F-1349-4CC4-8DF0-1872886F2CF4}.Release|Any CPU.ActiveCfg = Release|Any CPU
		{D2D2885F-1349-4CC4-8DF0-1872886F2CF4}.Release|Any CPU.Build.0 = Release|Any CPU
		{A367C516-7930-4922-9554-CB1F7E16E2E9}.Debug|Any CPU.ActiveCfg = Debug|Any CPU
		{A367C516-7930-4922-9554-CB1F7E16E2E9}.Debug|Any CPU.Build.0 = Debug|Any CPU
		{A367C516-7930-4922-9554-CB1F7E16E2E9}.Release|Any CPU.ActiveCfg = Release|Any CPU
		{A367C516-7930-4922-9554-CB1F7E16E2E9}.Release|Any CPU.Build.0 = Release|Any CPU
		{1CA46428-20E6-40A9-A482-A800931D425E}.Debug|Any CPU.ActiveCfg = Debug|Any CPU
		{1CA46428-20E6-40A9-A482-A800931D425E}.Debug|Any CPU.Build.0 = Debug|Any CPU
		{1CA46428-20E6-40A9-A482-A800931D425E}.Release|Any CPU.ActiveCfg = Release|Any CPU
		{1CA46428-20E6-40A9-A482-A800931D425E}.Release|Any CPU.Build.0 = Release|Any CPU
		{9E7A1976-A1D8-49DA-B8B8-D2CF2C401729}.Debug|Any CPU.ActiveCfg = Debug|Any CPU
		{9E7A1976-A1D8-49DA-B8B8-D2CF2C401729}.Debug|Any CPU.Build.0 = Debug|Any CPU
		{9E7A1976-A1D8-49DA-B8B8-D2CF2C401729}.Release|Any CPU.ActiveCfg = Release|Any CPU
		{9E7A1976-A1D8-49DA-B8B8-D2CF2C401729}.Release|Any CPU.Build.0 = Release|Any CPU
		{8355BB88-584E-4D92-BFDE-159189476975}.Debug|Any CPU.ActiveCfg = Debug|Any CPU
		{8355BB88-584E-4D92-BFDE-159189476975}.Debug|Any CPU.Build.0 = Debug|Any CPU
		{8355BB88-584E-4D92-BFDE-159189476975}.Release|Any CPU.ActiveCfg = Release|Any CPU
		{8355BB88-584E-4D92-BFDE-159189476975}.Release|Any CPU.Build.0 = Release|Any CPU
		{959FCADF-8451-4F78-ABAF-191DD8A9678B}.Debug|Any CPU.ActiveCfg = Debug|Any CPU
		{959FCADF-8451-4F78-ABAF-191DD8A9678B}.Debug|Any CPU.Build.0 = Debug|Any CPU
		{959FCADF-8451-4F78-ABAF-191DD8A9678B}.Release|Any CPU.ActiveCfg = Release|Any CPU
		{959FCADF-8451-4F78-ABAF-191DD8A9678B}.Release|Any CPU.Build.0 = Release|Any CPU
		{F89E0EFA-DA52-4521-A199-A01C897B80B4}.Debug|Any CPU.ActiveCfg = Debug|Any CPU
		{F89E0EFA-DA52-4521-A199-A01C897B80B4}.Debug|Any CPU.Build.0 = Debug|Any CPU
		{F89E0EFA-DA52-4521-A199-A01C897B80B4}.Release|Any CPU.ActiveCfg = Release|Any CPU
		{F89E0EFA-DA52-4521-A199-A01C897B80B4}.Release|Any CPU.Build.0 = Release|Any CPU
		{A3367944-66AC-4BD6-9C68-E456F6AE1B19}.Debug|Any CPU.ActiveCfg = Debug|Any CPU
		{A3367944-66AC-4BD6-9C68-E456F6AE1B19}.Debug|Any CPU.Build.0 = Debug|Any CPU
		{A3367944-66AC-4BD6-9C68-E456F6AE1B19}.Release|Any CPU.ActiveCfg = Release|Any CPU
		{A3367944-66AC-4BD6-9C68-E456F6AE1B19}.Release|Any CPU.Build.0 = Release|Any CPU
		{FDF739FC-A2EA-4E49-B951-D14E7DCD1F6F}.Debug|Any CPU.ActiveCfg = Debug|Any CPU
		{FDF739FC-A2EA-4E49-B951-D14E7DCD1F6F}.Debug|Any CPU.Build.0 = Debug|Any CPU
		{FDF739FC-A2EA-4E49-B951-D14E7DCD1F6F}.Release|Any CPU.ActiveCfg = Release|Any CPU
		{FDF739FC-A2EA-4E49-B951-D14E7DCD1F6F}.Release|Any CPU.Build.0 = Release|Any CPU
	EndGlobalSection
	GlobalSection(SolutionProperties) = preSolution
		HideSolutionNode = FALSE
	EndGlobalSection
	GlobalSection(ExtensibilityGlobals) = postSolution
		SolutionGuid = {5E0A70AB-F015-4570-B7EF-D5E0EB5A2C90}
	EndGlobalSection
EndGlobal
